// !$*UTF8*$!
{
	archiveVersion = 1;
	classes = {
	};
	objectVersion = 48;
	objects = {

/* Begin PBXBuildFile section */
		997F6FDE1FE51ECC007D9E39 /* AppDelegate.swift in Sources */ = {isa = PBXBuildFile; fileRef = 997F6FDD1FE51ECC007D9E39 /* AppDelegate.swift */; };
		997F6FE01FE51ECC007D9E39 /* ViewController.swift in Sources */ = {isa = PBXBuildFile; fileRef = 997F6FDF1FE51ECC007D9E39 /* ViewController.swift */; };
		997F6FE31FE51ECC007D9E39 /* Main.storyboard in Resources */ = {isa = PBXBuildFile; fileRef = 997F6FE11FE51ECC007D9E39 /* Main.storyboard */; };
		997F6FE51FE51ECC007D9E39 /* Assets.xcassets in Resources */ = {isa = PBXBuildFile; fileRef = 997F6FE41FE51ECC007D9E39 /* Assets.xcassets */; };
		997F6FE81FE51ECC007D9E39 /* LaunchScreen.storyboard in Resources */ = {isa = PBXBuildFile; fileRef = 997F6FE61FE51ECC007D9E39 /* LaunchScreen.storyboard */; };
		997F6FF31FE51ECC007D9E39 /* ergoTests.swift in Sources */ = {isa = PBXBuildFile; fileRef = 997F6FF21FE51ECC007D9E39 /* ergoTests.swift */; };
		997F6FFE1FE51ECC007D9E39 /* ergoUITests.swift in Sources */ = {isa = PBXBuildFile; fileRef = 997F6FFD1FE51ECC007D9E39 /* ergoUITests.swift */; };
/* End PBXBuildFile section */

/* Begin PBXContainerItemProxy section */
		997F6FEF1FE51ECC007D9E39 /* PBXContainerItemProxy */ = {
			isa = PBXContainerItemProxy;
			containerPortal = 997F6FD21FE51ECC007D9E39 /* Project object */;
			proxyType = 1;
			remoteGlobalIDString = 997F6FD91FE51ECC007D9E39;
			remoteInfo = ergo;
		};
		997F6FFA1FE51ECC007D9E39 /* PBXContainerItemProxy */ = {
			isa = PBXContainerItemProxy;
			containerPortal = 997F6FD21FE51ECC007D9E39 /* Project object */;
			proxyType = 1;
			remoteGlobalIDString = 997F6FD91FE51ECC007D9E39;
			remoteInfo = ergo;
		};
/* End PBXContainerItemProxy section */

/* Begin PBXFileReference section */
		997F6FDA1FE51ECC007D9E39 /* ergo.app */ = {isa = PBXFileReference; explicitFileType = wrapper.application; includeInIndex = 0; path = ergo.app; sourceTree = BUILT_PRODUCTS_DIR; };
		997F6FDD1FE51ECC007D9E39 /* AppDelegate.swift */ = {isa = PBXFileReference; lastKnownFileType = sourcecode.swift; path = AppDelegate.swift; sourceTree = "<group>"; };
		997F6FDF1FE51ECC007D9E39 /* ViewController.swift */ = {isa = PBXFileReference; lastKnownFileType = sourcecode.swift; path = ViewController.swift; sourceTree = "<group>"; };
		997F6FE21FE51ECC007D9E39 /* Base */ = {isa = PBXFileReference; lastKnownFileType = file.storyboard; name = Base; path = Base.lproj/Main.storyboard; sourceTree = "<group>"; };
		997F6FE41FE51ECC007D9E39 /* Assets.xcassets */ = {isa = PBXFileReference; lastKnownFileType = folder.assetcatalog; path = Assets.xcassets; sourceTree = "<group>"; };
		997F6FE71FE51ECC007D9E39 /* Base */ = {isa = PBXFileReference; lastKnownFileType = file.storyboard; name = Base; path = Base.lproj/LaunchScreen.storyboard; sourceTree = "<group>"; };
		997F6FE91FE51ECC007D9E39 /* Info.plist */ = {isa = PBXFileReference; lastKnownFileType = text.plist.xml; path = Info.plist; sourceTree = "<group>"; };
		997F6FEE1FE51ECC007D9E39 /* ergoTests.xctest */ = {isa = PBXFileReference; explicitFileType = wrapper.cfbundle; includeInIndex = 0; path = ergoTests.xctest; sourceTree = BUILT_PRODUCTS_DIR; };
		997F6FF21FE51ECC007D9E39 /* ergoTests.swift */ = {isa = PBXFileReference; lastKnownFileType = sourcecode.swift; path = ergoTests.swift; sourceTree = "<group>"; };
		997F6FF41FE51ECC007D9E39 /* Info.plist */ = {isa = PBXFileReference; lastKnownFileType = text.plist.xml; path = Info.plist; sourceTree = "<group>"; };
		997F6FF91FE51ECC007D9E39 /* ergoUITests.xctest */ = {isa = PBXFileReference; explicitFileType = wrapper.cfbundle; includeInIndex = 0; path = ergoUITests.xctest; sourceTree = BUILT_PRODUCTS_DIR; };
		997F6FFD1FE51ECC007D9E39 /* ergoUITests.swift */ = {isa = PBXFileReference; lastKnownFileType = sourcecode.swift; path = ergoUITests.swift; sourceTree = "<group>"; };
		997F6FFF1FE51ECC007D9E39 /* Info.plist */ = {isa = PBXFileReference; lastKnownFileType = text.plist.xml; path = Info.plist; sourceTree = "<group>"; };
/* End PBXFileReference section */

/* Begin PBXFrameworksBuildPhase section */
		997F6FD71FE51ECC007D9E39 /* Frameworks */ = {
			isa = PBXFrameworksBuildPhase;
			buildActionMask = 2147483647;
			files = (
			);
			runOnlyForDeploymentPostprocessing = 0;
		};
		997F6FEB1FE51ECC007D9E39 /* Frameworks */ = {
			isa = PBXFrameworksBuildPhase;
			buildActionMask = 2147483647;
			files = (
			);
			runOnlyForDeploymentPostprocessing = 0;
		};
		997F6FF61FE51ECC007D9E39 /* Frameworks */ = {
			isa = PBXFrameworksBuildPhase;
			buildActionMask = 2147483647;
			files = (
			);
			runOnlyForDeploymentPostprocessing = 0;
		};
/* End PBXFrameworksBuildPhase section */

/* Begin PBXGroup section */
		997F6FD11FE51ECC007D9E39 = {
			isa = PBXGroup;
			children = (
				997F6FDC1FE51ECC007D9E39 /* ergo */,
				997F6FF11FE51ECC007D9E39 /* ergoTests */,
				997F6FFC1FE51ECC007D9E39 /* ergoUITests */,
				997F6FDB1FE51ECC007D9E39 /* Products */,
			);
			sourceTree = "<group>";
		};
		997F6FDB1FE51ECC007D9E39 /* Products */ = {
			isa = PBXGroup;
			children = (
				997F6FDA1FE51ECC007D9E39 /* ergo.app */,
				997F6FEE1FE51ECC007D9E39 /* ergoTests.xctest */,
				997F6FF91FE51ECC007D9E39 /* ergoUITests.xctest */,
			);
			name = Products;
			sourceTree = "<group>";
		};
		997F6FDC1FE51ECC007D9E39 /* ergo */ = {
			isa = PBXGroup;
			children = (
				997F6FDD1FE51ECC007D9E39 /* AppDelegate.swift */,
				997F6FDF1FE51ECC007D9E39 /* ViewController.swift */,
				997F6FE11FE51ECC007D9E39 /* Main.storyboard */,
				997F6FE41FE51ECC007D9E39 /* Assets.xcassets */,
				997F6FE61FE51ECC007D9E39 /* LaunchScreen.storyboard */,
				997F6FE91FE51ECC007D9E39 /* Info.plist */,
			);
			path = ergo;
			sourceTree = "<group>";
		};
		997F6FF11FE51ECC007D9E39 /* ergoTests */ = {
			isa = PBXGroup;
			children = (
				997F6FF21FE51ECC007D9E39 /* ergoTests.swift */,
				997F6FF41FE51ECC007D9E39 /* Info.plist */,
			);
			path = ergoTests;
			sourceTree = "<group>";
		};
		997F6FFC1FE51ECC007D9E39 /* ergoUITests */ = {
			isa = PBXGroup;
			children = (
				997F6FFD1FE51ECC007D9E39 /* ergoUITests.swift */,
				997F6FFF1FE51ECC007D9E39 /* Info.plist */,
			);
			path = ergoUITests;
			sourceTree = "<group>";
		};
/* End PBXGroup section */

/* Begin PBXNativeTarget section */
		997F6FD91FE51ECC007D9E39 /* ergo */ = {
			isa = PBXNativeTarget;
			buildConfigurationList = 997F70021FE51ECC007D9E39 /* Build configuration list for PBXNativeTarget "ergo" */;
			buildPhases = (
				997F6FD61FE51ECC007D9E39 /* Sources */,
				997F6FD71FE51ECC007D9E39 /* Frameworks */,
				997F6FD81FE51ECC007D9E39 /* Resources */,
			);
			buildRules = (
			);
			dependencies = (
			);
			name = ergo;
			productName = ergo;
			productReference = 997F6FDA1FE51ECC007D9E39 /* ergo.app */;
			productType = "com.apple.product-type.application";
		};
		997F6FED1FE51ECC007D9E39 /* ergoTests */ = {
			isa = PBXNativeTarget;
			buildConfigurationList = 997F70051FE51ECC007D9E39 /* Build configuration list for PBXNativeTarget "ergoTests" */;
			buildPhases = (
				997F6FEA1FE51ECC007D9E39 /* Sources */,
				997F6FEB1FE51ECC007D9E39 /* Frameworks */,
				997F6FEC1FE51ECC007D9E39 /* Resources */,
			);
			buildRules = (
			);
			dependencies = (
				997F6FF01FE51ECC007D9E39 /* PBXTargetDependency */,
			);
			name = ergoTests;
			productName = ergoTests;
			productReference = 997F6FEE1FE51ECC007D9E39 /* ergoTests.xctest */;
			productType = "com.apple.product-type.bundle.unit-test";
		};
		997F6FF81FE51ECC007D9E39 /* ergoUITests */ = {
			isa = PBXNativeTarget;
			buildConfigurationList = 997F70081FE51ECC007D9E39 /* Build configuration list for PBXNativeTarget "ergoUITests" */;
			buildPhases = (
				997F6FF51FE51ECC007D9E39 /* Sources */,
				997F6FF61FE51ECC007D9E39 /* Frameworks */,
				997F6FF71FE51ECC007D9E39 /* Resources */,
			);
			buildRules = (
			);
			dependencies = (
				997F6FFB1FE51ECC007D9E39 /* PBXTargetDependency */,
			);
			name = ergoUITests;
			productName = ergoUITests;
			productReference = 997F6FF91FE51ECC007D9E39 /* ergoUITests.xctest */;
			productType = "com.apple.product-type.bundle.ui-testing";
		};
/* End PBXNativeTarget section */

/* Begin PBXProject section */
		997F6FD21FE51ECC007D9E39 /* Project object */ = {
			isa = PBXProject;
			attributes = {
				LastSwiftUpdateCheck = 0920;
				LastUpgradeCheck = 0920;
				ORGANIZATIONNAME = IshaniRangana;
				TargetAttributes = {
					997F6FD91FE51ECC007D9E39 = {
						CreatedOnToolsVersion = 9.2;
						ProvisioningStyle = Automatic;
					};
					997F6FED1FE51ECC007D9E39 = {
						CreatedOnToolsVersion = 9.2;
						ProvisioningStyle = Automatic;
						TestTargetID = 997F6FD91FE51ECC007D9E39;
					};
					997F6FF81FE51ECC007D9E39 = {
						CreatedOnToolsVersion = 9.2;
						ProvisioningStyle = Automatic;
						TestTargetID = 997F6FD91FE51ECC007D9E39;
					};
				};
			};
			buildConfigurationList = 997F6FD51FE51ECC007D9E39 /* Build configuration list for PBXProject "ergo" */;
			compatibilityVersion = "Xcode 8.0";
			developmentRegion = en;
			hasScannedForEncodings = 0;
			knownRegions = (
				en,
				Base,
			);
			mainGroup = 997F6FD11FE51ECC007D9E39;
			productRefGroup = 997F6FDB1FE51ECC007D9E39 /* Products */;
			projectDirPath = "";
			projectRoot = "";
			targets = (
				997F6FD91FE51ECC007D9E39 /* ergo */,
				997F6FED1FE51ECC007D9E39 /* ergoTests */,
				997F6FF81FE51ECC007D9E39 /* ergoUITests */,
			);
		};
/* End PBXProject section */

/* Begin PBXResourcesBuildPhase section */
		997F6FD81FE51ECC007D9E39 /* Resources */ = {
			isa = PBXResourcesBuildPhase;
			buildActionMask = 2147483647;
			files = (
				997F6FE81FE51ECC007D9E39 /* LaunchScreen.storyboard in Resources */,
				997F6FE51FE51ECC007D9E39 /* Assets.xcassets in Resources */,
				997F6FE31FE51ECC007D9E39 /* Main.storyboard in Resources */,
			);
			runOnlyForDeploymentPostprocessing = 0;
		};
		997F6FEC1FE51ECC007D9E39 /* Resources */ = {
			isa = PBXResourcesBuildPhase;
			buildActionMask = 2147483647;
			files = (
			);
			runOnlyForDeploymentPostprocessing = 0;
		};
		997F6FF71FE51ECC007D9E39 /* Resources */ = {
			isa = PBXResourcesBuildPhase;
			buildActionMask = 2147483647;
			files = (
			);
			runOnlyForDeploymentPostprocessing = 0;
		};
/* End PBXResourcesBuildPhase section */

/* Begin PBXSourcesBuildPhase section */
		997F6FD61FE51ECC007D9E39 /* Sources */ = {
			isa = PBXSourcesBuildPhase;
			buildActionMask = 2147483647;
			files = (
				997F6FE01FE51ECC007D9E39 /* ViewController.swift in Sources */,
				997F6FDE1FE51ECC007D9E39 /* AppDelegate.swift in Sources */,
			);
			runOnlyForDeploymentPostprocessing = 0;
		};
		997F6FEA1FE51ECC007D9E39 /* Sources */ = {
			isa = PBXSourcesBuildPhase;
			buildActionMask = 2147483647;
			files = (
				997F6FF31FE51ECC007D9E39 /* ergoTests.swift in Sources */,
			);
			runOnlyForDeploymentPostprocessing = 0;
		};
		997F6FF51FE51ECC007D9E39 /* Sources */ = {
			isa = PBXSourcesBuildPhase;
			buildActionMask = 2147483647;
			files = (
				997F6FFE1FE51ECC007D9E39 /* ergoUITests.swift in Sources */,
			);
			runOnlyForDeploymentPostprocessing = 0;
		};
/* End PBXSourcesBuildPhase section */

/* Begin PBXTargetDependency section */
		997F6FF01FE51ECC007D9E39 /* PBXTargetDependency */ = {
			isa = PBXTargetDependency;
			target = 997F6FD91FE51ECC007D9E39 /* ergo */;
			targetProxy = 997F6FEF1FE51ECC007D9E39 /* PBXContainerItemProxy */;
		};
		997F6FFB1FE51ECC007D9E39 /* PBXTargetDependency */ = {
			isa = PBXTargetDependency;
			target = 997F6FD91FE51ECC007D9E39 /* ergo */;
			targetProxy = 997F6FFA1FE51ECC007D9E39 /* PBXContainerItemProxy */;
		};
/* End PBXTargetDependency section */

/* Begin PBXVariantGroup section */
		997F6FE11FE51ECC007D9E39 /* Main.storyboard */ = {
			isa = PBXVariantGroup;
			children = (
				997F6FE21FE51ECC007D9E39 /* Base */,
			);
			name = Main.storyboard;
			sourceTree = "<group>";
		};
		997F6FE61FE51ECC007D9E39 /* LaunchScreen.storyboard */ = {
			isa = PBXVariantGroup;
			children = (
				997F6FE71FE51ECC007D9E39 /* Base */,
			);
			name = LaunchScreen.storyboard;
			sourceTree = "<group>";
		};
/* End PBXVariantGroup section */

/* Begin XCBuildConfiguration section */
		997F70001FE51ECC007D9E39 /* Debug */ = {
			isa = XCBuildConfiguration;
			buildSettings = {
				ALWAYS_SEARCH_USER_PATHS = NO;
				CLANG_ANALYZER_NONNULL = YES;
				CLANG_ANALYZER_NUMBER_OBJECT_CONVERSION = YES_AGGRESSIVE;
				CLANG_CXX_LANGUAGE_STANDARD = "gnu++14";
				CLANG_CXX_LIBRARY = "libc++";
				CLANG_ENABLE_MODULES = YES;
				CLANG_ENABLE_OBJC_ARC = YES;
				CLANG_WARN_BLOCK_CAPTURE_AUTORELEASING = YES;
				CLANG_WARN_BOOL_CONVERSION = YES;
				CLANG_WARN_COMMA = YES;
				CLANG_WARN_CONSTANT_CONVERSION = YES;
				CLANG_WARN_DIRECT_OBJC_ISA_USAGE = YES_ERROR;
				CLANG_WARN_DOCUMENTATION_COMMENTS = YES;
				CLANG_WARN_EMPTY_BODY = YES;
				CLANG_WARN_ENUM_CONVERSION = YES;
				CLANG_WARN_INFINITE_RECURSION = YES;
				CLANG_WARN_INT_CONVERSION = YES;
				CLANG_WARN_NON_LITERAL_NULL_CONVERSION = YES;
				CLANG_WARN_OBJC_LITERAL_CONVERSION = YES;
				CLANG_WARN_OBJC_ROOT_CLASS = YES_ERROR;
				CLANG_WARN_RANGE_LOOP_ANALYSIS = YES;
				CLANG_WARN_STRICT_PROTOTYPES = YES;
				CLANG_WARN_SUSPICIOUS_MOVE = YES;
				CLANG_WARN_UNGUARDED_AVAILABILITY = YES_AGGRESSIVE;
				CLANG_WARN_UNREACHABLE_CODE = YES;
				CLANG_WARN__DUPLICATE_METHOD_MATCH = YES;
				CODE_SIGN_IDENTITY = "iPhone Developer";
				COPY_PHASE_STRIP = NO;
				DEBUG_INFORMATION_FORMAT = dwarf;
				ENABLE_STRICT_OBJC_MSGSEND = YES;
				ENABLE_TESTABILITY = YES;
				GCC_C_LANGUAGE_STANDARD = gnu11;
				GCC_DYNAMIC_NO_PIC = NO;
				GCC_NO_COMMON_BLOCKS = YES;
				GCC_OPTIMIZATION_LEVEL = 0;
				GCC_PREPROCESSOR_DEFINITIONS = (
					"DEBUG=1",
					"$(inherited)",
				);
				GCC_WARN_64_TO_32_BIT_CONVERSION = YES;
				GCC_WARN_ABOUT_RETURN_TYPE = YES_ERROR;
				GCC_WARN_UNDECLARED_SELECTOR = YES;
				GCC_WARN_UNINITIALIZED_AUTOS = YES_AGGRESSIVE;
				GCC_WARN_UNUSED_FUNCTION = YES;
				GCC_WARN_UNUSED_VARIABLE = YES;
				IPHONEOS_DEPLOYMENT_TARGET = 11.2;
				MTL_ENABLE_DEBUG_INFO = YES;
				ONLY_ACTIVE_ARCH = YES;
				SDKROOT = iphoneos;
				SWIFT_ACTIVE_COMPILATION_CONDITIONS = DEBUG;
				SWIFT_OPTIMIZATION_LEVEL = "-Onone";
			};
			name = Debug;
		};
		997F70011FE51ECC007D9E39 /* Release */ = {
			isa = XCBuildConfiguration;
			buildSettings = {
				ALWAYS_SEARCH_USER_PATHS = NO;
				CLANG_ANALYZER_NONNULL = YES;
				CLANG_ANALYZER_NUMBER_OBJECT_CONVERSION = YES_AGGRESSIVE;
				CLANG_CXX_LANGUAGE_STANDARD = "gnu++14";
				CLANG_CXX_LIBRARY = "libc++";
				CLANG_ENABLE_MODULES = YES;
				CLANG_ENABLE_OBJC_ARC = YES;
				CLANG_WARN_BLOCK_CAPTURE_AUTORELEASING = YES;
				CLANG_WARN_BOOL_CONVERSION = YES;
				CLANG_WARN_COMMA = YES;
				CLANG_WARN_CONSTANT_CONVERSION = YES;
				CLANG_WARN_DIRECT_OBJC_ISA_USAGE = YES_ERROR;
				CLANG_WARN_DOCUMENTATION_COMMENTS = YES;
				CLANG_WARN_EMPTY_BODY = YES;
				CLANG_WARN_ENUM_CONVERSION = YES;
				CLANG_WARN_INFINITE_RECURSION = YES;
				CLANG_WARN_INT_CONVERSION = YES;
				CLANG_WARN_NON_LITERAL_NULL_CONVERSION = YES;
				CLANG_WARN_OBJC_LITERAL_CONVERSION = YES;
				CLANG_WARN_OBJC_ROOT_CLASS = YES_ERROR;
				CLANG_WARN_RANGE_LOOP_ANALYSIS = YES;
				CLANG_WARN_STRICT_PROTOTYPES = YES;
				CLANG_WARN_SUSPICIOUS_MOVE = YES;
				CLANG_WARN_UNGUARDED_AVAILABILITY = YES_AGGRESSIVE;
				CLANG_WARN_UNREACHABLE_CODE = YES;
				CLANG_WARN__DUPLICATE_METHOD_MATCH = YES;
				CODE_SIGN_IDENTITY = "iPhone Developer";
				COPY_PHASE_STRIP = NO;
				DEBUG_INFORMATION_FORMAT = "dwarf-with-dsym";
				ENABLE_NS_ASSERTIONS = NO;
				ENABLE_STRICT_OBJC_MSGSEND = YES;
				GCC_C_LANGUAGE_STANDARD = gnu11;
				GCC_NO_COMMON_BLOCKS = YES;
				GCC_WARN_64_TO_32_BIT_CONVERSION = YES;
				GCC_WARN_ABOUT_RETURN_TYPE = YES_ERROR;
				GCC_WARN_UNDECLARED_SELECTOR = YES;
				GCC_WARN_UNINITIALIZED_AUTOS = YES_AGGRESSIVE;
				GCC_WARN_UNUSED_FUNCTION = YES;
				GCC_WARN_UNUSED_VARIABLE = YES;
				IPHONEOS_DEPLOYMENT_TARGET = 11.2;
				MTL_ENABLE_DEBUG_INFO = NO;
				SDKROOT = iphoneos;
				SWIFT_OPTIMIZATION_LEVEL = "-Owholemodule";
				VALIDATE_PRODUCT = YES;
			};
			name = Release;
		};
		997F70031FE51ECC007D9E39 /* Debug */ = {
			isa = XCBuildConfiguration;
			buildSettings = {
				ASSETCATALOG_COMPILER_APPICON_NAME = AppIcon;
				CODE_SIGN_STYLE = Automatic;
				INFOPLIST_FILE = ergo/Info.plist;
				LD_RUNPATH_SEARCH_PATHS = "$(inherited) @executable_path/Frameworks";
				PRODUCT_BUNDLE_IDENTIFIER = techknights.ishani.com.ergo;
				PRODUCT_NAME = "$(TARGET_NAME)";
				SWIFT_VERSION = 4.0;
				TARGETED_DEVICE_FAMILY = "1,2";
			};
			name = Debug;
		};
		997F70041FE51ECC007D9E39 /* Release */ = {
			isa = XCBuildConfiguration;
			buildSettings = {
				ASSETCATALOG_COMPILER_APPICON_NAME = AppIcon;
				CODE_SIGN_STYLE = Automatic;
				INFOPLIST_FILE = ergo/Info.plist;
				LD_RUNPATH_SEARCH_PATHS = "$(inherited) @executable_path/Frameworks";
				PRODUCT_BUNDLE_IDENTIFIER = techknights.ishani.com.ergo;
				PRODUCT_NAME = "$(TARGET_NAME)";
				SWIFT_VERSION = 4.0;
				TARGETED_DEVICE_FAMILY = "1,2";
			};
			name = Release;
		};
		997F70061FE51ECC007D9E39 /* Debug */ = {
			isa = XCBuildConfiguration;
			buildSettings = {
				ALWAYS_EMBED_SWIFT_STANDARD_LIBRARIES = YES;
				BUNDLE_LOADER = "$(TEST_HOST)";
				CODE_SIGN_STYLE = Automatic;
				INFOPLIST_FILE = ergoTests/Info.plist;
				LD_RUNPATH_SEARCH_PATHS = "$(inherited) @executable_path/Frameworks @loader_path/Frameworks";
				PRODUCT_BUNDLE_IDENTIFIER = techknights.ishani.com.ergoTests;
				PRODUCT_NAME = "$(TARGET_NAME)";
				SWIFT_VERSION = 4.0;
				TARGETED_DEVICE_FAMILY = "1,2";
				TEST_HOST = "$(BUILT_PRODUCTS_DIR)/ergo.app/ergo";
			};
			name = Debug;
		};
		997F70071FE51ECC007D9E39 /* Release */ = {
			isa = XCBuildConfiguration;
			buildSettings = {
				ALWAYS_EMBED_SWIFT_STANDARD_LIBRARIES = YES;
				BUNDLE_LOADER = "$(TEST_HOST)";
				CODE_SIGN_STYLE = Automatic;
				INFOPLIST_FILE = ergoTests/Info.plist;
				LD_RUNPATH_SEARCH_PATHS = "$(inherited) @executable_path/Frameworks @loader_path/Frameworks";
				PRODUCT_BUNDLE_IDENTIFIER = techknights.ishani.com.ergoTests;
				PRODUCT_NAME = "$(TARGET_NAME)";
				SWIFT_VERSION = 4.0;
				TARGETED_DEVICE_FAMILY = "1,2";
				TEST_HOST = "$(BUILT_PRODUCTS_DIR)/ergo.app/ergo";
			};
			name = Release;
		};
		997F70091FE51ECC007D9E39 /* Debug */ = {
			isa = XCBuildConfiguration;
			buildSettings = {
				ALWAYS_EMBED_SWIFT_STANDARD_LIBRARIES = YES;
				CODE_SIGN_STYLE = Automatic;
				INFOPLIST_FILE = ergoUITests/Info.plist;
				LD_RUNPATH_SEARCH_PATHS = "$(inherited) @executable_path/Frameworks @loader_path/Frameworks";
				PRODUCT_BUNDLE_IDENTIFIER = techknights.ishani.com.ergoUITests;
				PRODUCT_NAME = "$(TARGET_NAME)";
				SWIFT_VERSION = 4.0;
				TARGETED_DEVICE_FAMILY = "1,2";
				TEST_TARGET_NAME = ergo;
			};
			name = Debug;
		};
		997F700A1FE51ECC007D9E39 /* Release */ = {
			isa = XCBuildConfiguration;
			buildSettings = {
				ALWAYS_EMBED_SWIFT_STANDARD_LIBRARIES = YES;
				CODE_SIGN_STYLE = Automatic;
				INFOPLIST_FILE = ergoUITests/Info.plist;
				LD_RUNPATH_SEARCH_PATHS = "$(inherited) @executable_path/Frameworks @loader_path/Frameworks";
				PRODUCT_BUNDLE_IDENTIFIER = techknights.ishani.com.ergoUITests;
				PRODUCT_NAME = "$(TARGET_NAME)";
				SWIFT_VERSION = 4.0;
				TARGETED_DEVICE_FAMILY = "1,2";
				TEST_TARGET_NAME = ergo;
			};
			name = Release;
		};
/* End XCBuildConfiguration section */

/* Begin XCConfigurationList section */
		997F6FD51FE51ECC007D9E39 /* Build configuration list for PBXProject "ergo" */ = {
			isa = XCConfigurationList;
			buildConfigurations = (
				997F70001FE51ECC007D9E39 /* Debug */,
				997F70011FE51ECC007D9E39 /* Release */,
			);
			defaultConfigurationIsVisible = 0;
			defaultConfigurationName = Release;
		};
		997F70021FE51ECC007D9E39 /* Build configuration list for PBXNativeTarget "ergo" */ = {
			isa = XCConfigurationList;
			buildConfigurations = (
				997F70031FE51ECC007D9E39 /* Debug */,
				997F70041FE51ECC007D9E39 /* Release */,
			);
			defaultConfigurationIsVisible = 0;
			defaultConfigurationName = Release;
		};
		997F70051FE51ECC007D9E39 /* Build configuration list for PBXNativeTarget "ergoTests" */ = {
			isa = XCConfigurationList;
			buildConfigurations = (
				997F70061FE51ECC007D9E39 /* Debug */,
				997F70071FE51ECC007D9E39 /* Release */,
			);
			defaultConfigurationIsVisible = 0;
			defaultConfigurationName = Release;
		};
		997F70081FE51ECC007D9E39 /* Build configuration list for PBXNativeTarget "ergoUITests" */ = {
			isa = XCConfigurationList;
			buildConfigurations = (
				997F70091FE51ECC007D9E39 /* Debug */,
				997F700A1FE51ECC007D9E39 /* Release */,
			);
			defaultConfigurationIsVisible = 0;
			defaultConfigurationName = Release;
		};
/* End XCConfigurationList section */
	};
	rootObject = 997F6FD21FE51ECC007D9E39 /* Project object */;
}
